
Microsoft Visual Studio Solution File, Format Version 12.00
Project("{FAE04EC0-301F-11D3-BF4B-00C04F79EFBC}") = "StarCuer", "StarCuer.csproj", "{3E181AAE-56A3-437C-A065-1A2448075394}"
EndProject
Global
	GlobalSection(SolutionConfigurationPlatforms) = preSolution
		Debug|Any CPU = Debug|Any CPU
		Release|Any CPU = Release|Any CPU
	EndGlobalSection
	GlobalSection(ProjectConfigurationPlatforms) = postSolution
		{3E181AAE-56A3-437C-A065-1A2448075394}.Debug|Any CPU.ActiveCfg = Debug|Any CPU
		{3E181AAE-56A3-437C-A065-1A2448075394}.Debug|Any CPU.Build.0 = Debug|Any CPU
		{3E181AAE-56A3-437C-A065-1A2448075394}.Release|Any CPU.ActiveCfg = Release|Any CPU
		{3E181AAE-56A3-437C-A065-1A2448075394}.Release|Any CPU.Build.0 = Release|Any CPU
	EndGlobalSection
EndGlobal
